
Microsoft Visual Studio Solution File, Format Version 12.00
# Visual Studio Version 16
VisualStudioVersion = 16.0.30011.22
MinimumVisualStudioVersion = 10.0.40219.1
Project("{FAE04EC0-301F-11D3-BF4B-00C04F79EFBC}") = "Jenkins_Demo", "Jenkins_Demo.csproj", "{C59F2BC5-723E-4326-8E47-2871E9B76412}"
EndProject
Project("{FAE04EC0-301F-11D3-BF4B-00C04F79EFBC}") = "Jenkins_Demo_Tests", "..\Jenkins_Demo_Tests\Jenkins_Demo_Tests.csproj", "{2AA9FE3B-37EC-408B-9048-7DBBE99AF6D5}"
EndProject
Global
	GlobalSection(SolutionConfigurationPlatforms) = preSolution
		Debug|Any CPU = Debug|Any CPU
		Release|Any CPU = Release|Any CPU
	EndGlobalSection
	GlobalSection(ProjectConfigurationPlatforms) = postSolution
		{C59F2BC5-723E-4326-8E47-2871E9B76412}.Debug|Any CPU.ActiveCfg = Debug|Any CPU
		{C59F2BC5-723E-4326-8E47-2871E9B76412}.Debug|Any CPU.Build.0 = Debug|Any CPU
		{C59F2BC5-723E-4326-8E47-2871E9B76412}.Release|Any CPU.ActiveCfg = Release|Any CPU
		{C59F2BC5-723E-4326-8E47-2871E9B76412}.Release|Any CPU.Build.0 = Release|Any CPU
		{2AA9FE3B-37EC-408B-9048-7DBBE99AF6D5}.Debug|Any CPU.ActiveCfg = Debug|Any CPU
		{2AA9FE3B-37EC-408B-9048-7DBBE99AF6D5}.Debug|Any CPU.Build.0 = Debug|Any CPU
		{2AA9FE3B-37EC-408B-9048-7DBBE99AF6D5}.Release|Any CPU.ActiveCfg = Release|Any CPU
		{2AA9FE3B-37EC-408B-9048-7DBBE99AF6D5}.Release|Any CPU.Build.0 = Release|Any CPU
	EndGlobalSection
	GlobalSection(SolutionProperties) = preSolution
		HideSolutionNode = FALSE
	EndGlobalSection
	GlobalSection(ExtensibilityGlobals) = postSolution
		SolutionGuid = {739BA497-0536-4A62-82F5-A49BCF1A2AB9}
	EndGlobalSection
EndGlobal
